lockfileVersion: '9.0'

settings:
  autoInstallPeers: true
  excludeLinksFromLockfile: false

importers:

  .:
    dependencies:
      '@picocss/pico':
        specifier: ^2.0.0
        version: 2.1.1
      htmx.org:
        specifier: ^2.0.4
        version: 2.0.10

packages:

  '@picocss/pico@2.1.1':
    resolution: {integrity: sha512-kIDugA7Ps4U+2BHxiNHmvgPIQDWPDU4IeU6TNRdvXQM1uZX+FibqDQT2xUOnnO2yq/LUHcwnGlu1hvf4KfXnMg==}

  htmx.org@2.0.10:
    resolution: {integrity: sha512-kdeJe7ZVwaS6QMz/ebBIVtZdpwen6L0OQ5GOhPV9MKBb196TCZeZu4yA7ZIQsaLKv7EpXz+So7KSXNuHXhj7Cw==}

snapshots:

  '@picocss/pico@2.1.1': {}

  htmx.org@2.0.10: {}
